PODS:
  - AFNetworking/Reachability (2.0.3)
  - CocoaAsyncSocket (7.3.4)
  - CocoaLumberjack (1.6.5.1):
    - CocoaLumberjack/Core
    - CocoaLumberjack/Extensions
  - CocoaLumberjack/Core (1.6.5.1)
  - CocoaLumberjack/Extensions (1.6.5.1):
    - CocoaLumberjack/Core
  - TBMultipartyProtocolManager (0.0.1)
  - TBOTRManager (0.0.1)
  - XMPPFramework (3.6.2):
    - XMPPFramework/Authentication
    - XMPPFramework/BandwidthMonitor
    - XMPPFramework/Categories
    - XMPPFramework/Core
    - XMPPFramework/CoreDataStorage
    - XMPPFramework/GoogleSharedStatus
    - XMPPFramework/KissXML
    - XMPPFramework/ProcessOne
    - XMPPFramework/Reconnect
    - XMPPFramework/Roster
    - XMPPFramework/SystemInputActivityMonitor
    - XMPPFramework/Utilities
    - XMPPFramework/XEP-0009
    - XMPPFramework/XEP-0012
    - XMPPFramework/XEP-0016
    - XMPPFramework/XEP-0045
    - XMPPFramework/XEP-0054
    - XMPPFramework/XEP-0059
    - XMPPFramework/XEP-0060
    - XMPPFramework/XEP-0065
    - XMPPFramework/XEP-0066
    - XMPPFramework/XEP-0082
    - XMPPFramework/XEP-0085
    - XMPPFramework/XEP-0100
    - XMPPFramework/XEP-0106
    - XMPPFramework/XEP-0115
    - XMPPFramework/XEP-0136
    - XMPPFramework/XEP-0153
    - XMPPFramework/XEP-0172
    - XMPPFramework/XEP-0184
    - XMPPFramework/XEP-0199
    - XMPPFramework/XEP-0202
    - XMPPFramework/XEP-0203
    - XMPPFramework/XEP-0223
    - XMPPFramework/XEP-0224
    - XMPPFramework/XEP-0297
    - XMPPFramework/XEP-0308
  - XMPPFramework/Authentication (3.6.2):
    - XMPPFramework/Core
  - XMPPFramework/BandwidthMonitor (3.6.2):
    - XMPPFramework/Core
  - XMPPFramework/Categories (3.6.2):
    - XMPPFramework/Core
  - XMPPFramework/Core (3.6.2):
    - CocoaAsyncSocket (~> 7.3.1)
    - CocoaLumberjack (~> 1.6.2)
    - XMPPFramework/Authentication
    - XMPPFramework/Categories
    - XMPPFramework/KissXML
    - XMPPFramework/Utilities
  - XMPPFramework/CoreDataStorage (3.6.2):
    - XMPPFramework/Core
  - XMPPFramework/GoogleSharedStatus (3.6.2):
    - XMPPFramework/Core
  - XMPPFramework/KissXML (3.6.2):
    - XMPPFramework/Core
  - XMPPFramework/ProcessOne (3.6.2):
    - XMPPFramework/Core
  - XMPPFramework/Reconnect (3.6.2):
    - XMPPFramework/Core
  - XMPPFramework/Roster (3.6.2):
    - XMPPFramework/Core
    - XMPPFramework/CoreDataStorage
    - XMPPFramework/XEP-0203
  - XMPPFramework/SystemInputActivityMonitor (3.6.2):
    - XMPPFramework/Core
  - XMPPFramework/Utilities (3.6.2):
    - XMPPFramework/Core
  - XMPPFramework/XEP-0009 (3.6.2):
    - XMPPFramework/Core
  - XMPPFramework/XEP-0012 (3.6.2):
    - XMPPFramework/Core
  - XMPPFramework/XEP-0016 (3.6.2):
    - XMPPFramework/Core
  - XMPPFramework/XEP-0045 (3.6.2):
    - XMPPFramework/Core
    - XMPPFramework/CoreDataStorage
    - XMPPFramework/XEP-0203
  - XMPPFramework/XEP-0054 (3.6.2):
    - XMPPFramework/Core
    - XMPPFramework/Roster
    - XMPPFramework/XEP-0153
  - XMPPFramework/XEP-0059 (3.6.2):
    - XMPPFramework/Core
  - XMPPFramework/XEP-0060 (3.6.2):
    - XMPPFramework/Core
  - XMPPFramework/XEP-0065 (3.6.2):
    - XMPPFramework/Core
  - XMPPFramework/XEP-0066 (3.6.2):
    - XMPPFramework/Core
  - XMPPFramework/XEP-0082 (3.6.2):
    - XMPPFramework/Core
  - XMPPFramework/XEP-0085 (3.6.2):
    - XMPPFramework/Core
  - XMPPFramework/XEP-0100 (3.6.2):
    - XMPPFramework/Core
  - XMPPFramework/XEP-0106 (3.6.2):
    - XMPPFramework/Core
  - XMPPFramework/XEP-0115 (3.6.2):
    - XMPPFramework/Core
    - XMPPFramework/CoreDataStorage
  - XMPPFramework/XEP-0136 (3.6.2):
    - XMPPFramework/Core
    - XMPPFramework/CoreDataStorage
    - XMPPFramework/XEP-0085
    - XMPPFramework/XEP-0203
  - XMPPFramework/XEP-0153 (3.6.2):
    - XMPPFramework/Core
    - XMPPFramework/XEP-0054
  - XMPPFramework/XEP-0172 (3.6.2):
    - XMPPFramework/Core
  - XMPPFramework/XEP-0184 (3.6.2):
    - XMPPFramework/Core
  - XMPPFramework/XEP-0199 (3.6.2):
    - XMPPFramework/Core
  - XMPPFramework/XEP-0202 (3.6.2):
    - XMPPFramework/Core
    - XMPPFramework/XEP-0082
  - XMPPFramework/XEP-0203 (3.6.2):
    - XMPPFramework/Core
    - XMPPFramework/XEP-0082
  - XMPPFramework/XEP-0223 (3.6.2):
    - XMPPFramework/Core
  - XMPPFramework/XEP-0224 (3.6.2):
    - XMPPFramework/Core
  - XMPPFramework/XEP-0297 (3.6.2):
    - XMPPFramework/Core
  - XMPPFramework/XEP-0308 (3.6.2):
    - XMPPFramework/Core

DEPENDENCIES:
  - AFNetworking/Reachability (= 2.0.3)
  - TBMultipartyProtocolManager (from `https://github.com/tbalthazar/TBMultipartyProtocolManager.git`)
  - TBOTRManager (from `https://github.com/tbalthazar/TBOTRManager.git`)
  - XMPPFramework (from `https://github.com/tbalthazar/XMPPFramework.git`)

EXTERNAL SOURCES:
  TBMultipartyProtocolManager:
    :git: https://github.com/tbalthazar/TBMultipartyProtocolManager.git
  TBOTRManager:
    :git: https://github.com/tbalthazar/TBOTRManager.git
  XMPPFramework:
    :git: https://github.com/tbalthazar/XMPPFramework.git

SPEC CHECKSUMS:
  AFNetworking: e499052cbf3d743e9bb727bb37adb9dc2547ba15
  CocoaAsyncSocket: 534d09416f992fd51efb23f534742ce70b3a7999
  CocoaLumberjack: 17803afbade3126a377d32b8d23367264b44ced6
  TBMultipartyProtocolManager: 79ecea7ca725525cb90ffc6ccc54e3c14d170e69
  TBOTRManager: 375a4a20792b60a47dc6a8572bc2719a2f4957e0
  XMPPFramework: bf818623aba272b79fcc7bf8772043de33614503

COCOAPODS: 0.29.0
